
Microsoft Visual Studio Solution File, Format Version 12.00
# Visual Studio 15
VisualStudioVersion = 15.0.28307.1209
MinimumVisualStudioVersion = 10.0.40219.1
Project("{FAE04EC0-301F-11D3-BF4B-00C04F79EFBC}") = "MQTTClient", "MQTTClient\MQTTClient.csproj", "{45D1B13C-293C-4C2B-9D29-955AE1BF2252}"
EndProject
Global
	GlobalSection(SolutionConfigurationPlatforms) = preSolution
		Debug|Any CPU = Debug|Any CPU
		Debug|x86 = Debug|x86
		Release|Any CPU = Release|Any CPU
		Release|x86 = Release|x86
	EndGlobalSection
	GlobalSection(ProjectConfigurationPlatforms) = postSolution
		{45D1B13C-293C-4C2B-9D29-955AE1BF2252}.Debug|Any CPU.ActiveCfg = Debug|Any CPU
		{45D1B13C-293C-4C2B-9D29-955AE1BF2252}.Debug|Any CPU.Build.0 = Debug|Any CPU
		{45D1B13C-293C-4C2B-9D29-955AE1BF2252}.Debug|x86.ActiveCfg = Debug|x86
		{45D1B13C-293C-4C2B-9D29-955AE1BF2252}.Debug|x86.Build.0 = Debug|x86
		{45D1B13C-293C-4C2B-9D29-955AE1BF2252}.Release|Any CPU.ActiveCfg = Release|Any CPU
		{45D1B13C-293C-4C2B-9D29-955AE1BF2252}.Release|Any CPU.Build.0 = Release|Any CPU
		{45D1B13C-293C-4C2B-9D29-955AE1BF2252}.Release|x86.ActiveCfg = Release|x86
		{45D1B13C-293C-4C2B-9D29-955AE1BF2252}.Release|x86.Build.0 = Release|x86
	EndGlobalSection
	GlobalSection(SolutionProperties) = preSolution
		HideSolutionNode = FALSE
	EndGlobalSection
	GlobalSection(ExtensibilityGlobals) = postSolution
		SolutionGuid = {48C1BA0E-AAD6-448D-8B4C-D9957AAFC2E0}
	EndGlobalSection
EndGlobal
